// !$*UTF8*$!
{
	archiveVersion = 1;
	classes = {
	};
	objectVersion = 48;
	objects = {

/* Begin PBXBuildFile section */
		305AA4031F03D22400F2828D /* AppDelegate.swift in Sources */ = {isa = PBXBuildFile; fileRef = 305AA4021F03D22400F2828D /* AppDelegate.swift */; };
		305AA4091F03D22400F2828D /* GameScene.swift in Sources */ = {isa = PBXBuildFile; fileRef = 305AA4081F03D22400F2828D /* GameScene.swift */; };
		305AA40B1F03D22400F2828D /* GameViewController.swift in Sources */ = {isa = PBXBuildFile; fileRef = 305AA40A1F03D22400F2828D /* GameViewController.swift */; };
		305AA40E1F03D22400F2828D /* Main.storyboard in Resources */ = {isa = PBXBuildFile; fileRef = 305AA40C1F03D22400F2828D /* Main.storyboard */; };
		305AA4131F03D22400F2828D /* LaunchScreen.storyboard in Resources */ = {isa = PBXBuildFile; fileRef = 305AA4111F03D22400F2828D /* LaunchScreen.storyboard */; };
		305AA4221F0538F100F2828D /* BackgroundEffect.sks in Resources */ = {isa = PBXBuildFile; fileRef = 305AA4211F0538F100F2828D /* BackgroundEffect.sks */; };
		305AA4241F057D7B00F2828D /* CGSize+center.swift in Sources */ = {isa = PBXBuildFile; fileRef = 305AA4231F057D7B00F2828D /* CGSize+center.swift */; };
		305AA42A1F0581C700F2828D /* Assets.xcassets in Resources */ = {isa = PBXBuildFile; fileRef = 305AA4291F05806200F2828D /* Assets.xcassets */; };
		3061E3321F0699B10065225C /* ExplosionSound.wav in Resources */ = {isa = PBXBuildFile; fileRef = 308E16F01F0697D4006C5B2B /* ExplosionSound.wav */; };
		3061E3331F0699B40065225C /* BackgroundMusic.mp3 in Resources */ = {isa = PBXBuildFile; fileRef = 308E16EF1F0697D4006C5B2B /* BackgroundMusic.mp3 */; };
/* End PBXBuildFile section */

/* Begin PBXFileReference section */
		305AA3FF1F03D22400F2828D /* SpaceShooter.app */ = {isa = PBXFileReference; explicitFileType = wrapper.application; includeInIndex = 0; path = SpaceShooter.app; sourceTree = BUILT_PRODUCTS_DIR; };
		305AA4021F03D22400F2828D /* AppDelegate.swift */ = {isa = PBXFileReference; lastKnownFileType = sourcecode.swift; path = AppDelegate.swift; sourceTree = "<group>"; };
		305AA4081F03D22400F2828D /* GameScene.swift */ = {isa = PBXFileReference; lastKnownFileType = sourcecode.swift; path = GameScene.swift; sourceTree = "<group>"; };
		305AA40A1F03D22400F2828D /* GameViewController.swift */ = {isa = PBXFileReference; lastKnownFileType = sourcecode.swift; path = GameViewController.swift; sourceTree = "<group>"; };
		305AA40D1F03D22400F2828D /* Base */ = {isa = PBXFileReference; lastKnownFileType = file.storyboard; name = Base; path = Base.lproj/Main.storyboard; sourceTree = "<group>"; };
		305AA4121F03D22400F2828D /* Base */ = {isa = PBXFileReference; lastKnownFileType = file.storyboard; name = Base; path = Base.lproj/LaunchScreen.storyboard; sourceTree = "<group>"; };
		305AA4141F03D22400F2828D /* Info.plist */ = {isa = PBXFileReference; lastKnownFileType = text.plist.xml; path = Info.plist; sourceTree = "<group>"; };
		305AA4211F0538F100F2828D /* BackgroundEffect.sks */ = {isa = PBXFileReference; lastKnownFileType = file.sks; path = BackgroundEffect.sks; sourceTree = "<group>"; };
		305AA4231F057D7B00F2828D /* CGSize+center.swift */ = {isa = PBXFileReference; lastKnownFileType = sourcecode.swift; path = "CGSize+center.swift"; sourceTree = "<group>"; };
		305AA4291F05806200F2828D /* Assets.xcassets */ = {isa = PBXFileReference; lastKnownFileType = folder.assetcatalog; path = Assets.xcassets; sourceTree = "<group>"; };
		308E16EF1F0697D4006C5B2B /* BackgroundMusic.mp3 */ = {isa = PBXFileReference; lastKnownFileType = audio.mp3; path = BackgroundMusic.mp3; sourceTree = "<group>"; };
		308E16F01F0697D4006C5B2B /* ExplosionSound.wav */ = {isa = PBXFileReference; lastKnownFileType = audio.wav; path = ExplosionSound.wav; sourceTree = "<group>"; };
/* End PBXFileReference section */

/* Begin PBXFrameworksBuildPhase section */
		305AA3FC1F03D22400F2828D /* Frameworks */ = {
			isa = PBXFrameworksBuildPhase;
			buildActionMask = 2147483647;
			files = (
			);
			runOnlyForDeploymentPostprocessing = 0;
		};
/* End PBXFrameworksBuildPhase section */

/* Begin PBXGroup section */
		305AA3F61F03D22400F2828D = {
			isa = PBXGroup;
			children = (
				305AA4011F03D22400F2828D /* SpaceShooter */,
				305AA4001F03D22400F2828D /* Products */,
			);
			sourceTree = "<group>";
		};
		305AA4001F03D22400F2828D /* Products */ = {
			isa = PBXGroup;
			children = (
				305AA3FF1F03D22400F2828D /* SpaceShooter.app */,
			);
			name = Products;
			sourceTree = "<group>";
		};
		305AA4011F03D22400F2828D /* SpaceShooter */ = {
			isa = PBXGroup;
			children = (
				305AA4021F03D22400F2828D /* AppDelegate.swift */,
				305AA4231F057D7B00F2828D /* CGSize+center.swift */,
				305AA4081F03D22400F2828D /* GameScene.swift */,
				305AA40A1F03D22400F2828D /* GameViewController.swift */,
				305AA4211F0538F100F2828D /* BackgroundEffect.sks */,
				305AA4291F05806200F2828D /* Assets.xcassets */,
				305AA40C1F03D22400F2828D /* Main.storyboard */,
				305AA4111F03D22400F2828D /* LaunchScreen.storyboard */,
				305AA4141F03D22400F2828D /* Info.plist */,
				305AA41E1F05375700F2828D /* Audio */,
			);
			path = SpaceShooter;
			sourceTree = "<group>";
		};
		305AA41E1F05375700F2828D /* Audio */ = {
			isa = PBXGroup;
			children = (
				308E16F01F0697D4006C5B2B /* ExplosionSound.wav */,
				308E16EF1F0697D4006C5B2B /* BackgroundMusic.mp3 */,
			);
			path = Audio;
			sourceTree = "<group>";
		};
/* End PBXGroup section */

/* Begin PBXNativeTarget section */
		305AA3FE1F03D22400F2828D /* SpaceShooter */ = {
			isa = PBXNativeTarget;
			buildConfigurationList = 305AA4171F03D22400F2828D /* Build configuration list for PBXNativeTarget "SpaceShooter" */;
			buildPhases = (
				305AA3FB1F03D22400F2828D /* Sources */,
				305AA3FC1F03D22400F2828D /* Frameworks */,
				305AA3FD1F03D22400F2828D /* Resources */,
			);
			buildRules = (
			);
			dependencies = (
			);
			name = SpaceShooter;
			productName = SpaceShooter;
			productReference = 305AA3FF1F03D22400F2828D /* SpaceShooter.app */;
			productType = "com.apple.product-type.application";
		};
/* End PBXNativeTarget section */

/* Begin PBXProject section */
		305AA3F71F03D22400F2828D /* Project object */ = {
			isa = PBXProject;
			attributes = {
				LastSwiftUpdateCheck = 0900;
				LastUpgradeCheck = 0900;
				ORGANIZATIONNAME = "Lennart Wisbar";
				TargetAttributes = {
					305AA3FE1F03D22400F2828D = {
						CreatedOnToolsVersion = 9.0;
					};
				};
			};
			buildConfigurationList = 305AA3FA1F03D22400F2828D /* Build configuration list for PBXProject "SpaceShooter" */;
			compatibilityVersion = "Xcode 8.0";
			developmentRegion = en;
			hasScannedForEncodings = 0;
			knownRegions = (
				en,
				Base,
			);
			mainGroup = 305AA3F61F03D22400F2828D;
			productRefGroup = 305AA4001F03D22400F2828D /* Products */;
			projectDirPath = "";
			projectRoot = "";
			targets = (
				305AA3FE1F03D22400F2828D /* SpaceShooter */,
			);
		};
/* End PBXProject section */

/* Begin PBXResourcesBuildPhase section */
		305AA3FD1F03D22400F2828D /* Resources */ = {
			isa = PBXResourcesBuildPhase;
			buildActionMask = 2147483647;
			files = (
				3061E3331F0699B40065225C /* BackgroundMusic.mp3 in Resources */,
				305AA4221F0538F100F2828D /* BackgroundEffect.sks in Resources */,
				305AA40E1F03D22400F2828D /* Main.storyboard in Resources */,
				3061E3321F0699B10065225C /* ExplosionSound.wav in Resources */,
				305AA42A1F0581C700F2828D /* Assets.xcassets in Resources */,
				305AA4131F03D22400F2828D /* LaunchScreen.storyboard in Resources */,
			);
			runOnlyForDeploymentPostprocessing = 0;
		};
/* End PBXResourcesBuildPhase section */

/* Begin PBXSourcesBuildPhase section */
		305AA3FB1F03D22400F2828D /* Sources */ = {
			isa = PBXSourcesBuildPhase;
			buildActionMask = 2147483647;
			files = (
				305AA4091F03D22400F2828D /* GameScene.swift in Sources */,
				305AA40B1F03D22400F2828D /* GameViewController.swift in Sources */,
				305AA4031F03D22400F2828D /* AppDelegate.swift in Sources */,
				305AA4241F057D7B00F2828D /* CGSize+center.swift in Sources */,
			);
			runOnlyForDeploymentPostprocessing = 0;
		};
/* End PBXSourcesBuildPhase section */

/* Begin PBXVariantGroup section */
		305AA40C1F03D22400F2828D /* Main.storyboard */ = {
			isa = PBXVariantGroup;
			children = (
				305AA40D1F03D22400F2828D /* Base */,
			);
			name = Main.storyboard;
			sourceTree = "<group>";
		};
		305AA4111F03D22400F2828D /* LaunchScreen.storyboard */ = {
			isa = PBXVariantGroup;
			children = (
				305AA4121F03D22400F2828D /* Base */,
			);
			name = LaunchScreen.storyboard;
			sourceTree = "<group>";
		};
/* End PBXVariantGroup section */

/* Begin XCBuildConfiguration section */
		305AA4151F03D22400F2828D /* Debug */ = {
			isa = XCBuildConfiguration;
			buildSettings = {
				ALWAYS_SEARCH_USER_PATHS = NO;
				CLANG_ANALYZER_NONNULL = YES;
				CLANG_ANALYZER_NUMBER_OBJECT_CONVERSION = YES_AGGRESSIVE;
				CLANG_CXX_LANGUAGE_STANDARD = "gnu++14";
				CLANG_CXX_LIBRARY = "libc++";
				CLANG_ENABLE_MODULES = YES;
				CLANG_ENABLE_OBJC_ARC = YES;
				CLANG_WARN_BLOCK_CAPTURE_AUTORELEASING = YES;
				CLANG_WARN_BOOL_CONVERSION = YES;
				CLANG_WARN_COMMA = YES;
				CLANG_WARN_CONSTANT_CONVERSION = YES;
				CLANG_WARN_DIRECT_OBJC_ISA_USAGE = YES_ERROR;
				CLANG_WARN_DOCUMENTATION_COMMENTS = YES;
				CLANG_WARN_EMPTY_BODY = YES;
				CLANG_WARN_ENUM_CONVERSION = YES;
				CLANG_WARN_INFINITE_RECURSION = YES;
				CLANG_WARN_INT_CONVERSION = YES;
				CLANG_WARN_OBJC_ROOT_CLASS = YES_ERROR;
				CLANG_WARN_RANGE_LOOP_ANALYSIS = YES;
				CLANG_WARN_STRICT_PROTOTYPES = YES;
				CLANG_WARN_SUSPICIOUS_MOVE = YES;
				CLANG_WARN_UNGUARDED_AVAILABILITY = YES_AGGRESSIVE;
				CLANG_WARN_UNREACHABLE_CODE = YES;
				CLANG_WARN__DUPLICATE_METHOD_MATCH = YES;
				CODE_SIGN_IDENTITY = "iPhone Developer";
				COPY_PHASE_STRIP = NO;
				DEBUG_INFORMATION_FORMAT = dwarf;
				ENABLE_STRICT_OBJC_MSGSEND = YES;
				ENABLE_TESTABILITY = YES;
				GCC_C_LANGUAGE_STANDARD = gnu11;
				GCC_DYNAMIC_NO_PIC = NO;
				GCC_NO_COMMON_BLOCKS = YES;
				GCC_OPTIMIZATION_LEVEL = 0;
				GCC_PREPROCESSOR_DEFINITIONS = (
					"DEBUG=1",
					"$(inherited)",
				);
				GCC_WARN_64_TO_32_BIT_CONVERSION = YES;
				GCC_WARN_ABOUT_RETURN_TYPE = YES_ERROR;
				GCC_WARN_UNDECLARED_SELECTOR = YES;
				GCC_WARN_UNINITIALIZED_AUTOS = YES_AGGRESSIVE;
				GCC_WARN_UNUSED_FUNCTION = YES;
				GCC_WARN_UNUSED_VARIABLE = YES;
				IPHONEOS_DEPLOYMENT_TARGET = 10.3;
				MTL_ENABLE_DEBUG_INFO = YES;
				ONLY_ACTIVE_ARCH = YES;
				SDKROOT = iphoneos;
				SWIFT_ACTIVE_COMPILATION_CONDITIONS = DEBUG;
				SWIFT_OPTIMIZATION_LEVEL = "-Onone";
			};
			name = Debug;
		};
		305AA4161F03D22400F2828D /* Release */ = {
			isa = XCBuildConfiguration;
			buildSettings = {
				ALWAYS_SEARCH_USER_PATHS = NO;
				CLANG_ANALYZER_NONNULL = YES;
				CLANG_ANALYZER_NUMBER_OBJECT_CONVERSION = YES_AGGRESSIVE;
				CLANG_CXX_LANGUAGE_STANDARD = "gnu++14";
				CLANG_CXX_LIBRARY = "libc++";
				CLANG_ENABLE_MODULES = YES;
				CLANG_ENABLE_OBJC_ARC = YES;
				CLANG_WARN_BLOCK_CAPTURE_AUTORELEASING = YES;
				CLANG_WARN_BOOL_CONVERSION = YES;
				CLANG_WARN_COMMA = YES;
				CLANG_WARN_CONSTANT_CONVERSION = YES;
				CLANG_WARN_DIRECT_OBJC_ISA_USAGE = YES_ERROR;
				CLANG_WARN_DOCUMENTATION_COMMENTS = YES;
				CLANG_WARN_EMPTY_BODY = YES;
				CLANG_WARN_ENUM_CONVERSION = YES;
				CLANG_WARN_INFINITE_RECURSION = YES;
				CLANG_WARN_INT_CONVERSION = YES;
				CLANG_WARN_OBJC_ROOT_CLASS = YES_ERROR;
				CLANG_WARN_RANGE_LOOP_ANALYSIS = YES;
				CLANG_WARN_STRICT_PROTOTYPES = YES;
				CLANG_WARN_SUSPICIOUS_MOVE = YES;
				CLANG_WARN_UNGUARDED_AVAILABILITY = YES_AGGRESSIVE;
				CLANG_WARN_UNREACHABLE_CODE = YES;
				CLANG_WARN__DUPLICATE_METHOD_MATCH = YES;
				CODE_SIGN_IDENTITY = "iPhone Developer";
				COPY_PHASE_STRIP = NO;
				DEBUG_INFORMATION_FORMAT = "dwarf-with-dsym";
				ENABLE_NS_ASSERTIONS = NO;
				ENABLE_STRICT_OBJC_MSGSEND = YES;
				GCC_C_LANGUAGE_STANDARD = gnu11;
				GCC_NO_COMMON_BLOCKS = YES;
				GCC_WARN_64_TO_32_BIT_CONVERSION = YES;
				GCC_WARN_ABOUT_RETURN_TYPE = YES_ERROR;
				GCC_WARN_UNDECLARED_SELECTOR = YES;
				GCC_WARN_UNINITIALIZED_AUTOS = YES_AGGRESSIVE;
				GCC_WARN_UNUSED_FUNCTION = YES;
				GCC_WARN_UNUSED_VARIABLE = YES;
				IPHONEOS_DEPLOYMENT_TARGET = 10.3;
				MTL_ENABLE_DEBUG_INFO = NO;
				SDKROOT = iphoneos;
				SWIFT_OPTIMIZATION_LEVEL = "-Owholemodule";
				VALIDATE_PRODUCT = YES;
			};
			name = Release;
		};
		305AA4181F03D22400F2828D /* Debug */ = {
			isa = XCBuildConfiguration;
			buildSettings = {
				ASSETCATALOG_COMPILER_APPICON_NAME = AppIcon;
				DEVELOPMENT_TEAM = 9SPL76B3GR;
				INFOPLIST_FILE = SpaceShooter/Info.plist;
				LD_RUNPATH_SEARCH_PATHS = "$(inherited) @executable_path/Frameworks";
				PRODUCT_BUNDLE_IDENTIFIER = de.lennartwisbar.SpaceShooter;
				PRODUCT_NAME = "$(TARGET_NAME)";
				SWIFT_VERSION = 4.0;
				TARGETED_DEVICE_FAMILY = "1,2";
			};
			name = Debug;
		};
		305AA4191F03D22400F2828D /* Release */ = {
			isa = XCBuildConfiguration;
			buildSettings = {
				ASSETCATALOG_COMPILER_APPICON_NAME = AppIcon;
				DEVELOPMENT_TEAM = 9SPL76B3GR;
				INFOPLIST_FILE = SpaceShooter/Info.plist;
				LD_RUNPATH_SEARCH_PATHS = "$(inherited) @executable_path/Frameworks";
				PRODUCT_BUNDLE_IDENTIFIER = de.lennartwisbar.SpaceShooter;
				PRODUCT_NAME = "$(TARGET_NAME)";
				SWIFT_VERSION = 4.0;
				TARGETED_DEVICE_FAMILY = "1,2";
			};
			name = Release;
		};
/* End XCBuildConfiguration section */

/* Begin XCConfigurationList section */
		305AA3FA1F03D22400F2828D /* Build configuration list for PBXProject "SpaceShooter" */ = {
			isa = XCConfigurationList;
			buildConfigurations = (
				305AA4151F03D22400F2828D /* Debug */,
				305AA4161F03D22400F2828D /* Release */,
			);
			defaultConfigurationIsVisible = 0;
			defaultConfigurationName = Release;
		};
		305AA4171F03D22400F2828D /* Build configuration list for PBXNativeTarget "SpaceShooter" */ = {
			isa = XCConfigurationList;
			buildConfigurations = (
				305AA4181F03D22400F2828D /* Debug */,
				305AA4191F03D22400F2828D /* Release */,
			);
			defaultConfigurationIsVisible = 0;
			defaultConfigurationName = Release;
		};
/* End XCConfigurationList section */
	};
	rootObject = 305AA3F71F03D22400F2828D /* Project object */;
}
